# Run ./gradlew --write-locks to regenerate this file
com.fasterxml.jackson.core:jackson-annotations:2.11.3 (2 constraints: 7523f65d)
com.fasterxml.jackson.core:jackson-core:2.11.3 (3 constraints: f24066b5)
com.fasterxml.jackson.core:jackson-databind:2.11.3 (3 constraints: a433c11a)
com.fasterxml.jackson.dataformat:jackson-dataformat-yaml:2.11.3 (1 constraints: 3905353b)
com.fasterxml.jackson.datatype:jackson-datatype-guava:2.11.3 (1 constraints: 3905353b)
com.google.code.findbugs:jsr305:3.0.2 (1 constraints: 170aecb4)
com.google.errorprone:error_prone_annotations:2.3.4 (2 constraints: 1e1b285a)
com.google.guava:failureaccess:1.0.1 (1 constraints: 140ae1b4)
com.google.guava:guava:29.0-jre (3 constraints: a62943fa)
com.google.guava:listenablefuture:9999.0-empty-to-avoid-conflict-with-guava (1 constraints: bd17c918)
com.google.j2objc:j2objc-annotations:1.3 (1 constraints: b809eda0)
com.palantir.safe-logging:preconditions:1.13.1 (2 constraints: f515d4e2)
com.palantir.safe-logging:safe-logging:1.13.1 (2 constraints: 1f2227ce)
com.palantir.sls.versions:sls-versions:0.12.2 (1 constraints: 37052b3b)
org.checkerframework:checker-qual:2.11.1 (1 constraints: 470a33bf)
org.immutables:value:2.8.8 (1 constraints: 14051536)
org.slf4j:slf4j-api:1.7.30 (1 constraints: f41079c3)
org.yaml:snakeyaml:1.26 (1 constraints: 7117f927)

[Test dependencies]
cglib:cglib-nodep:3.2.2 (1 constraints: 490ded24)
com.netflix.nebula:nebula-test:7.9.3 (1 constraints: 15052c36)
commons-io:commons-io:2.5 (1 constraints: eb0c8d0a)
junit:junit:4.13 (2 constraints: e0118df6)
org.awaitility:awaitility:4.0.3 (1 constraints: 09050236)
org.hamcrest:hamcrest:2.1 (1 constraints: 6f0b2cce)
org.hamcrest:hamcrest-core:1.3 (1 constraints: cc05fe3f)
org.objenesis:objenesis:2.4 (1 constraints: ea0c8c0a)
org.spockframework:spock-core:1.3-groovy-2.4 (1 constraints: 7c10f3af)
