# Run ./gradlew --write-locks to regenerate this file
com.fasterxml.jackson.core:jackson-annotations:2.9.9 (1 constraints: 5b12bf0e)
com.fasterxml.jackson.core:jackson-core:2.9.9 (3 constraints: 89401a1e)
com.fasterxml.jackson.core:jackson-databind:2.9.9 (3 constraints: 5d2c8528)
com.fasterxml.jackson.dataformat:jackson-dataformat-yaml:2.9.9 (1 constraints: 16051936)
com.fasterxml.jackson.datatype:jackson-datatype-guava:2.9.9 (1 constraints: 16051936)
com.google.code.findbugs:jsr305:1.3.9 (1 constraints: 1f0af2b4)
com.google.errorprone:error_prone_annotations:2.3.3 (2 constraints: 1b1b9159)
com.google.guava:guava:23.6.1-jre (3 constraints: 0c2ae82b)
com.google.j2objc:j2objc-annotations:1.1 (1 constraints: b609eba0)
com.palantir.safe-logging:preconditions:1.10.0 (2 constraints: f1150ee2)
com.palantir.safe-logging:safe-logging:1.10.0 (2 constraints: f12151ab)
com.palantir.sls.versions:sls-versions:0.10.0 (1 constraints: 3305233b)
org.checkerframework:checker-compat-qual:2.0.0 (1 constraints: 140ae5b4)
org.codehaus.mojo:animal-sniffer-annotations:1.14 (1 constraints: ea09d5aa)
org.immutables:value:2.7.5 (1 constraints: 10050f36)
org.slf4j:slf4j-api:1.7.25 (1 constraints: f8107cc3)
org.yaml:snakeyaml:1.23 (1 constraints: 6e17f627)

[Test dependencies]
cglib:cglib-nodep:3.2.2 (1 constraints: 490ded24)
com.netflix.nebula:nebula-test:7.2.5 (1 constraints: 10051936)
commons-io:commons-io:2.5 (1 constraints: eb0c8d0a)
junit:junit:4.12 (2 constraints: df1167f6)
org.awaitility:awaitility:3.1.6 (1 constraints: 0c050336)
org.hamcrest:hamcrest-core:1.3 (3 constraints: f81dc133)
org.hamcrest:hamcrest-library:1.3 (1 constraints: 700b2bce)
org.objenesis:objenesis:2.6 (2 constraints: 5d18fb75)
org.spockframework:spock-core:1.1-groovy-2.4-rc-4 (1 constraints: dd11ac06)
