# Run ./gradlew --write-locks to regenerate this file
com.fasterxml.jackson.core:jackson-annotations:2.11.2 (2 constraints: 7423c35d)
com.fasterxml.jackson.core:jackson-core:2.11.2 (3 constraints: ef40a3b4)
com.fasterxml.jackson.core:jackson-databind:2.11.2 (3 constraints: a133fe19)
com.fasterxml.jackson.dataformat:jackson-dataformat-yaml:2.11.2 (1 constraints: 3805343b)
com.fasterxml.jackson.datatype:jackson-datatype-guava:2.11.2 (1 constraints: 3805343b)
com.google.code.findbugs:jsr305:1.3.9 (1 constraints: 1f0af2b4)
com.google.errorprone:error_prone_annotations:2.3.3 (2 constraints: 1b1b9159)
com.google.guava:guava:23.6.1-jre (3 constraints: 052aca2a)
com.google.j2objc:j2objc-annotations:1.1 (1 constraints: b609eba0)
com.palantir.safe-logging:preconditions:1.13.0 (2 constraints: f415a4e2)
com.palantir.safe-logging:safe-logging:1.13.0 (2 constraints: 1e22f6cd)
com.palantir.sls.versions:sls-versions:0.12.1 (1 constraints: 36052a3b)
org.checkerframework:checker-compat-qual:2.0.0 (1 constraints: 140ae5b4)
org.codehaus.mojo:animal-sniffer-annotations:1.14 (1 constraints: ea09d5aa)
org.immutables:value:2.8.8 (1 constraints: 14051536)
org.slf4j:slf4j-api:1.7.30 (1 constraints: f41079c3)
org.yaml:snakeyaml:1.26 (1 constraints: 7117f927)

[Test dependencies]
cglib:cglib-nodep:3.2.2 (1 constraints: 490ded24)
com.netflix.nebula:nebula-test:7.8.6 (1 constraints: 17052c36)
commons-io:commons-io:2.5 (1 constraints: eb0c8d0a)
junit:junit:4.13 (2 constraints: e0118df6)
org.awaitility:awaitility:4.0.3 (1 constraints: 09050236)
org.hamcrest:hamcrest:2.1 (1 constraints: 6f0b2cce)
org.hamcrest:hamcrest-core:1.3 (1 constraints: cc05fe3f)
org.objenesis:objenesis:2.4 (1 constraints: ea0c8c0a)
org.spockframework:spock-core:1.3-groovy-2.4 (1 constraints: 7c10f3af)
